// !$*UTF8*$!
{
	archiveVersion = 1;
	classes = {
	};
	objectVersion = 50;
	objects = {

/* Begin PBXBuildFile section */
		8D0CDF1720CAA0D0004949E8 /* SystemConfiguration.framework in Frameworks */ = {isa = PBXBuildFile; fileRef = 8D0CDF1620CAA0D0004949E8 /* SystemConfiguration.framework */; };
		8D0CDF2E20CAA5C6004949E8 /* SCLTimerDisplay.m in Sources */ = {isa = PBXBuildFile; fileRef = 8D0CDF1E20CAA5C6004949E8 /* SCLTimerDisplay.m */; };
		8D0CDF2F20CAA5C6004949E8 /* SCLAlertViewStyleKit.m in Sources */ = {isa = PBXBuildFile; fileRef = 8D0CDF2020CAA5C6004949E8 /* SCLAlertViewStyleKit.m */; };
		8D0CDF3020CAA5C6004949E8 /* SCLAlertViewResponder.m in Sources */ = {isa = PBXBuildFile; fileRef = 8D0CDF2420CAA5C6004949E8 /* SCLAlertViewResponder.m */; };
		8D0CDF3120CAA5C6004949E8 /* SCLTextView.m in Sources */ = {isa = PBXBuildFile; fileRef = 8D0CDF2520CAA5C6004949E8 /* SCLTextView.m */; };
		8D0CDF3220CAA5C6004949E8 /* SCLSwitchView.m in Sources */ = {isa = PBXBuildFile; fileRef = 8D0CDF2620CAA5C6004949E8 /* SCLSwitchView.m */; };
		8D0CDF3320CAA5C6004949E8 /* SCLButton.m in Sources */ = {isa = PBXBuildFile; fileRef = 8D0CDF2820CAA5C6004949E8 /* SCLButton.m */; };
		8D0CDF3420CAA5C6004949E8 /* UIImage+ImageEffects.m in Sources */ = {isa = PBXBuildFile; fileRef = 8D0CDF2A20CAA5C6004949E8 /* UIImage+ImageEffects.m */; };
		8D0CDF3520CAA5C6004949E8 /* SCLAlertView.m in Sources */ = {isa = PBXBuildFile; fileRef = 8D0CDF2D20CAA5C6004949E8 /* SCLAlertView.m */; };
		8D0CDF5420CABE80004949E8 /* TZImageCropManager.m in Sources */ = {isa = PBXBuildFile; fileRef = 8D0CDF3920CABE7F004949E8 /* TZImageCropManager.m */; };
		8D0CDF5520CABE80004949E8 /* TZAssetCell.m in Sources */ = {isa = PBXBuildFile; fileRef = 8D0CDF3B20CABE7F004949E8 /* TZAssetCell.m */; };
		8D0CDF5620CABE80004949E8 /* TZVideoPlayerController.m in Sources */ = {isa = PBXBuildFile; fileRef = 8D0CDF3C20CABE7F004949E8 /* TZVideoPlayerController.m */; };
		8D0CDF5720CABE80004949E8 /* TZAssetModel.m in Sources */ = {isa = PBXBuildFile; fileRef = 8D0CDF3D20CABE7F004949E8 /* TZAssetModel.m */; };
		8D0CDF5820CABE80004949E8 /* NSBundle+TZImagePicker.m in Sources */ = {isa = PBXBuildFile; fileRef = 8D0CDF3E20CABE7F004949E8 /* NSBundle+TZImagePicker.m */; };
		8D0CDF5920CABE80004949E8 /* UIView+Layout.m in Sources */ = {isa = PBXBuildFile; fileRef = 8D0CDF4120CABE7F004949E8 /* UIView+Layout.m */; };
		8D0CDF5A20CABE80004949E8 /* TZPhotoPreviewController.m in Sources */ = {isa = PBXBuildFile; fileRef = 8D0CDF4220CABE7F004949E8 /* TZPhotoPreviewController.m */; };
		8D0CDF5B20CABE80004949E8 /* TZImagePickerController.bundle in Resources */ = {isa = PBXBuildFile; fileRef = 8D0CDF4320CABE7F004949E8 /* TZImagePickerController.bundle */; };
		8D0CDF5C20CABE80004949E8 /* TZProgressView.m in Sources */ = {isa = PBXBuildFile; fileRef = 8D0CDF4420CABE7F004949E8 /* TZProgressView.m */; };
		8D0CDF5D20CABE80004949E8 /* TZImageManager.m in Sources */ = {isa = PBXBuildFile; fileRef = 8D0CDF4720CABE7F004949E8 /* TZImageManager.m */; };
		8D0CDF5E20CABE80004949E8 /* TZPhotoPickerController.m in Sources */ = {isa = PBXBuildFile; fileRef = 8D0CDF4920CABE7F004949E8 /* TZPhotoPickerController.m */; };
		8D0CDF5F20CABE80004949E8 /* TZPhotoPreviewCell.m in Sources */ = {isa = PBXBuildFile; fileRef = 8D0CDF4A20CABE7F004949E8 /* TZPhotoPreviewCell.m */; };
		8D0CDF6020CABE80004949E8 /* TZImagePickerController.m in Sources */ = {isa = PBXBuildFile; fileRef = 8D0CDF5020CABE7F004949E8 /* TZImagePickerController.m */; };
		8D0CDF6120CABE80004949E8 /* TZLocationManager.m in Sources */ = {isa = PBXBuildFile; fileRef = 8D0CDF5120CABE7F004949E8 /* TZLocationManager.m */; };
		8D0CDF6220CABE80004949E8 /* TZGifPhotoPreviewController.m in Sources */ = {isa = PBXBuildFile; fileRef = 8D0CDF5220CABE7F004949E8 /* TZGifPhotoPreviewController.m */; };
		8D35D05F20C694E100B904CA /* AppDelegate.swift in Sources */ = {isa = PBXBuildFile; fileRef = 8D35D05E20C694E100B904CA /* AppDelegate.swift */; };
		8D35D06120C694E100B904CA /* ViewController.swift in Sources */ = {isa = PBXBuildFile; fileRef = 8D35D06020C694E100B904CA /* ViewController.swift */; };
		8D35D06420C694E100B904CA /* Main.storyboard in Resources */ = {isa = PBXBuildFile; fileRef = 8D35D06220C694E100B904CA /* Main.storyboard */; };
		8D35D06620C694E300B904CA /* Assets.xcassets in Resources */ = {isa = PBXBuildFile; fileRef = 8D35D06520C694E200B904CA /* Assets.xcassets */; };
		8D35D06920C694E300B904CA /* LaunchScreen.storyboard in Resources */ = {isa = PBXBuildFile; fileRef = 8D35D06720C694E300B904CA /* LaunchScreen.storyboard */; };
		8D35D09520C6A69F00B904CA /* GCDAsyncUdpSocket.m in Sources */ = {isa = PBXBuildFile; fileRef = 8D35D07920C6A69F00B904CA /* GCDAsyncUdpSocket.m */; };
		8D35D09620C6A69F00B904CA /* GCDAsyncSocket.m in Sources */ = {isa = PBXBuildFile; fileRef = 8D35D07A20C6A69F00B904CA /* GCDAsyncSocket.m */; };
		8D35D09720C6A69F00B904CA /* Info.plist in Resources */ = {isa = PBXBuildFile; fileRef = 8D35D07E20C6A69F00B904CA /* Info.plist */; };
		8D35D09820C6A69F00B904CA /* DDTTYLogger.m in Sources */ = {isa = PBXBuildFile; fileRef = 8D35D08120C6A69F00B904CA /* DDTTYLogger.m */; };
		8D35D09920C6A69F00B904CA /* DDASLLogger.m in Sources */ = {isa = PBXBuildFile; fileRef = 8D35D08420C6A69F00B904CA /* DDASLLogger.m */; };
		8D35D09A20C6A69F00B904CA /* DDContextFilterLogFormatter.m in Sources */ = {isa = PBXBuildFile; fileRef = 8D35D08720C6A69F00B904CA /* DDContextFilterLogFormatter.m */; };
		8D35D09B20C6A69F00B904CA /* DDDispatchQueueLogFormatter.m in Sources */ = {isa = PBXBuildFile; fileRef = 8D35D08820C6A69F00B904CA /* DDDispatchQueueLogFormatter.m */; };
		8D35D09C20C6A69F00B904CA /* DDMultiFormatter.m in Sources */ = {isa = PBXBuildFile; fileRef = 8D35D08B20C6A69F00B904CA /* DDMultiFormatter.m */; };
		8D35D09D20C6A69F00B904CA /* README.txt in Resources */ = {isa = PBXBuildFile; fileRef = 8D35D08D20C6A69F00B904CA /* README.txt */; };
		8D35D09E20C6A69F00B904CA /* DDLog.m in Sources */ = {isa = PBXBuildFile; fileRef = 8D35D08E20C6A69F00B904CA /* DDLog.m */; };
		8D35D09F20C6A69F00B904CA /* DDAbstractDatabaseLogger.m in Sources */ = {isa = PBXBuildFile; fileRef = 8D35D09120C6A69F00B904CA /* DDAbstractDatabaseLogger.m */; };
		8D35D0A020C6A69F00B904CA /* DDFileLogger.m in Sources */ = {isa = PBXBuildFile; fileRef = 8D35D09220C6A69F00B904CA /* DDFileLogger.m */; };
		8D35D0A420C7B51D00B904CA /* img2.jpg in Resources */ = {isa = PBXBuildFile; fileRef = 8D35D0A120C7B51D00B904CA /* img2.jpg */; };
		8D35D0A520C7B51D00B904CA /* img3.jpg in Resources */ = {isa = PBXBuildFile; fileRef = 8D35D0A220C7B51D00B904CA /* img3.jpg */; };
		8D35D0A620C7B51D00B904CA /* img1.jpg in Resources */ = {isa = PBXBuildFile; fileRef = 8D35D0A320C7B51D00B904CA /* img1.jpg */; };
		8D35D0A820C7CA1200B904CA /* OznerTools.swift in Sources */ = {isa = PBXBuildFile; fileRef = 8D35D0A720C7CA1100B904CA /* OznerTools.swift */; };
		8DCE025D20C8DEBD00C655C8 /* NSData+Camouflage.m in Sources */ = {isa = PBXBuildFile; fileRef = 8DCE025B20C8DEBD00C655C8 /* NSData+Camouflage.m */; };
		8DCE025E20C8DEBD00C655C8 /* bmpfile.c in Sources */ = {isa = PBXBuildFile; fileRef = 8DCE025C20C8DEBD00C655C8 /* bmpfile.c */; };
		8DCE026120C8DF0600C655C8 /* AssetsLibrary.framework in Frameworks */ = {isa = PBXBuildFile; fileRef = 8DCE026020C8DF0600C655C8 /* AssetsLibrary.framework */; };
		8DCE026D20C90E1A00C655C8 /* SVRadialGradientLayer.m in Sources */ = {isa = PBXBuildFile; fileRef = 8DCE026320C90E1A00C655C8 /* SVRadialGradientLayer.m */; };
		8DCE026E20C90E1A00C655C8 /* SVProgressAnimatedView.m in Sources */ = {isa = PBXBuildFile; fileRef = 8DCE026620C90E1A00C655C8 /* SVProgressAnimatedView.m */; };
		8DCE026F20C90E1A00C655C8 /* SVProgressHUD.m in Sources */ = {isa = PBXBuildFile; fileRef = 8DCE026920C90E1A00C655C8 /* SVProgressHUD.m */; };
		8DCE027020C90E1A00C655C8 /* SVIndefiniteAnimatedView.m in Sources */ = {isa = PBXBuildFile; fileRef = 8DCE026A20C90E1A00C655C8 /* SVIndefiniteAnimatedView.m */; };
		8DCE027120C90E1A00C655C8 /* SVProgressHUD.bundle in Resources */ = {isa = PBXBuildFile; fileRef = 8DCE026B20C90E1A00C655C8 /* SVProgressHUD.bundle */; };
		8DCE027A20C931DA00C655C8 /* ImageRGBRGBHelper.m in Sources */ = {isa = PBXBuildFile; fileRef = 8DCE027920C931D900C655C8 /* ImageRGBRGBHelper.m */; };
/* End PBXBuildFile section */

/* Begin PBXFileReference section */
		8D0CDF1620CAA0D0004949E8 /* SystemConfiguration.framework */ = {isa = PBXFileReference; lastKnownFileType = wrapper.framework; name = SystemConfiguration.framework; path = System/Library/Frameworks/SystemConfiguration.framework; sourceTree = SDKROOT; };
		8D0CDF1D20CAA5C6004949E8 /* SCLSwitchView.h */ = {isa = PBXFileReference; fileEncoding = 4; lastKnownFileType = sourcecode.c.h; path = SCLSwitchView.h; sourceTree = "<group>"; };
		8D0CDF1E20CAA5C6004949E8 /* SCLTimerDisplay.m */ = {isa = PBXFileReference; fileEncoding = 4; lastKnownFileType = sourcecode.c.objc; path = SCLTimerDisplay.m; sourceTree = "<group>"; };
		8D0CDF1F20CAA5C6004949E8 /* SCLButton.h */ = {isa = PBXFileReference; fileEncoding = 4; lastKnownFileType = sourcecode.c.h; path = SCLButton.h; sourceTree = "<group>"; };
		8D0CDF2020CAA5C6004949E8 /* SCLAlertViewStyleKit.m */ = {isa = PBXFileReference; fileEncoding = 4; lastKnownFileType = sourcecode.c.objc; path = SCLAlertViewStyleKit.m; sourceTree = "<group>"; };
		8D0CDF2120CAA5C6004949E8 /* SCLMacros.h */ = {isa = PBXFileReference; fileEncoding = 4; lastKnownFileType = sourcecode.c.h; path = SCLMacros.h; sourceTree = "<group>"; };
		8D0CDF2220CAA5C6004949E8 /* UIImage+ImageEffects.h */ = {isa = PBXFileReference; fileEncoding = 4; lastKnownFileType = sourcecode.c.h; path = "UIImage+ImageEffects.h"; sourceTree = "<group>"; };
		8D0CDF2320CAA5C6004949E8 /* SCLAlertView.h */ = {isa = PBXFileReference; fileEncoding = 4; lastKnownFileType = sourcecode.c.h; path = SCLAlertView.h; sourceTree = "<group>"; };
		8D0CDF2420CAA5C6004949E8 /* SCLAlertViewResponder.m */ = {isa = PBXFileReference; fileEncoding = 4; lastKnownFileType = sourcecode.c.objc; path = SCLAlertViewResponder.m; sourceTree = "<group>"; };
		8D0CDF2520CAA5C6004949E8 /* SCLTextView.m */ = {isa = PBXFileReference; fileEncoding = 4; lastKnownFileType = sourcecode.c.objc; path = SCLTextView.m; sourceTree = "<group>"; };
		8D0CDF2620CAA5C6004949E8 /* SCLSwitchView.m */ = {isa = PBXFileReference; fileEncoding = 4; lastKnownFileType = sourcecode.c.objc; path = SCLSwitchView.m; sourceTree = "<group>"; };
		8D0CDF2720CAA5C6004949E8 /* SCLAlertViewStyleKit.h */ = {isa = PBXFileReference; fileEncoding = 4; lastKnownFileType = sourcecode.c.h; path = SCLAlertViewStyleKit.h; sourceTree = "<group>"; };
		8D0CDF2820CAA5C6004949E8 /* SCLButton.m */ = {isa = PBXFileReference; fileEncoding = 4; lastKnownFileType = sourcecode.c.objc; path = SCLButton.m; sourceTree = "<group>"; };
		8D0CDF2920CAA5C6004949E8 /* SCLTimerDisplay.h */ = {isa = PBXFileReference; fileEncoding = 4; lastKnownFileType = sourcecode.c.h; path = SCLTimerDisplay.h; sourceTree = "<group>"; };
		8D0CDF2A20CAA5C6004949E8 /* UIImage+ImageEffects.m */ = {isa = PBXFileReference; fileEncoding = 4; lastKnownFileType = sourcecode.c.objc; path = "UIImage+ImageEffects.m"; sourceTree = "<group>"; };
		8D0CDF2B20CAA5C6004949E8 /* SCLTextView.h */ = {isa = PBXFileReference; fileEncoding = 4; lastKnownFileType = sourcecode.c.h; path = SCLTextView.h; sourceTree = "<group>"; };
		8D0CDF2C20CAA5C6004949E8 /* SCLAlertViewResponder.h */ = {isa = PBXFileReference; fileEncoding = 4; lastKnownFileType = sourcecode.c.h; path = SCLAlertViewResponder.h; sourceTree = "<group>"; };
		8D0CDF2D20CAA5C6004949E8 /* SCLAlertView.m */ = {isa = PBXFileReference; fileEncoding = 4; lastKnownFileType = sourcecode.c.objc; path = SCLAlertView.m; sourceTree = "<group>"; };
		8D0CDF3720CABE7F004949E8 /* TZPhotoPreviewCell.h */ = {isa = PBXFileReference; fileEncoding = 4; lastKnownFileType = sourcecode.c.h; path = TZPhotoPreviewCell.h; sourceTree = "<group>"; };
		8D0CDF3820CABE7F004949E8 /* TZPhotoPickerController.h */ = {isa = PBXFileReference; fileEncoding = 4; lastKnownFileType = sourcecode.c.h; path = TZPhotoPickerController.h; sourceTree = "<group>"; };
		8D0CDF3920CABE7F004949E8 /* TZImageCropManager.m */ = {isa = PBXFileReference; fileEncoding = 4; lastKnownFileType = sourcecode.c.objc; path = TZImageCropManager.m; sourceTree = "<group>"; };
		8D0CDF3A20CABE7F004949E8 /* TZImageManager.h */ = {isa = PBXFileReference; fileEncoding = 4; lastKnownFileType = sourcecode.c.h; path = TZImageManager.h; sourceTree = "<group>"; };
		8D0CDF3B20CABE7F004949E8 /* TZAssetCell.m */ = {isa = PBXFileReference; fileEncoding = 4; lastKnownFileType = sourcecode.c.objc; path = TZAssetCell.m; sourceTree = "<group>"; };
		8D0CDF3C20CABE7F004949E8 /* TZVideoPlayerController.m */ = {isa = PBXFileReference; fileEncoding = 4; lastKnownFileType = sourcecode.c.objc; path = TZVideoPlayerController.m; sourceTree = "<group>"; };
		8D0CDF3D20CABE7F004949E8 /* TZAssetModel.m */ = {isa = PBXFileReference; fileEncoding = 4; lastKnownFileType = sourcecode.c.objc; path = TZAssetModel.m; sourceTree = "<group>"; };
		8D0CDF3E20CABE7F004949E8 /* NSBundle+TZImagePicker.m */ = {isa = PBXFileReference; fileEncoding = 4; lastKnownFileType = sourcecode.c.objc; path = "NSBundle+TZImagePicker.m"; sourceTree = "<group>"; };
		8D0CDF3F20CABE7F004949E8 /* TZLocationManager.h */ = {isa = PBXFileReference; fileEncoding = 4; lastKnownFileType = sourcecode.c.h; path = TZLocationManager.h; sourceTree = "<group>"; };
		8D0CDF4020CABE7F004949E8 /* TZImagePickerController.h */ = {isa = PBXFileReference; fileEncoding = 4; lastKnownFileType = sourcecode.c.h; path = TZImagePickerController.h; sourceTree = "<group>"; };
		8D0CDF4120CABE7F004949E8 /* UIView+Layout.m */ = {isa = PBXFileReference; fileEncoding = 4; lastKnownFileType = sourcecode.c.objc; path = "UIView+Layout.m"; sourceTree = "<group>"; };
		8D0CDF4220CABE7F004949E8 /* TZPhotoPreviewController.m */ = {isa = PBXFileReference; fileEncoding = 4; lastKnownFileType = sourcecode.c.objc; path = TZPhotoPreviewController.m; sourceTree = "<group>"; };
		8D0CDF4320CABE7F004949E8 /* TZImagePickerController.bundle */ = {isa = PBXFileReference; lastKnownFileType = "wrapper.plug-in"; path = TZImagePickerController.bundle; sourceTree = "<group>"; };
		8D0CDF4420CABE7F004949E8 /* TZProgressView.m */ = {isa = PBXFileReference; fileEncoding = 4; lastKnownFileType = sourcecode.c.objc; path = TZProgressView.m; sourceTree = "<group>"; };
		8D0CDF4520CABE7F004949E8 /* TZGifPhotoPreviewController.h */ = {isa = PBXFileReference; fileEncoding = 4; lastKnownFileType = sourcecode.c.h; path = TZGifPhotoPreviewController.h; sourceTree = "<group>"; };
		8D0CDF4620CABE7F004949E8 /* TZAssetCell.h */ = {isa = PBXFileReference; fileEncoding = 4; lastKnownFileType = sourcecode.c.h; path = TZAssetCell.h; sourceTree = "<group>"; };
		8D0CDF4720CABE7F004949E8 /* TZImageManager.m */ = {isa = PBXFileReference; fileEncoding = 4; lastKnownFileType = sourcecode.c.objc; path = TZImageManager.m; sourceTree = "<group>"; };
		8D0CDF4820CABE7F004949E8 /* TZImageCropManager.h */ = {isa = PBXFileReference; fileEncoding = 4; lastKnownFileType = sourcecode.c.h; path = TZImageCropManager.h; sourceTree = "<group>"; };
		8D0CDF4920CABE7F004949E8 /* TZPhotoPickerController.m */ = {isa = PBXFileReference; fileEncoding = 4; lastKnownFileType = sourcecode.c.objc; path = TZPhotoPickerController.m; sourceTree = "<group>"; };
		8D0CDF4A20CABE7F004949E8 /* TZPhotoPreviewCell.m */ = {isa = PBXFileReference; fileEncoding = 4; lastKnownFileType = sourcecode.c.objc; path = TZPhotoPreviewCell.m; sourceTree = "<group>"; };
		8D0CDF4B20CABE7F004949E8 /* NSBundle+TZImagePicker.h */ = {isa = PBXFileReference; fileEncoding = 4; lastKnownFileType = sourcecode.c.h; path = "NSBundle+TZImagePicker.h"; sourceTree = "<group>"; };
		8D0CDF4C20CABE7F004949E8 /* TZAssetModel.h */ = {isa = PBXFileReference; fileEncoding = 4; lastKnownFileType = sourcecode.c.h; path = TZAssetModel.h; sourceTree = "<group>"; };
		8D0CDF4D20CABE7F004949E8 /* TZVideoPlayerController.h */ = {isa = PBXFileReference; fileEncoding = 4; lastKnownFileType = sourcecode.c.h; path = TZVideoPlayerController.h; sourceTree = "<group>"; };
		8D0CDF4E20CABE7F004949E8 /* TZPhotoPreviewController.h */ = {isa = PBXFileReference; fileEncoding = 4; lastKnownFileType = sourcecode.c.h; path = TZPhotoPreviewController.h; sourceTree = "<group>"; };
		8D0CDF4F20CABE7F004949E8 /* UIView+Layout.h */ = {isa = PBXFileReference; fileEncoding = 4; lastKnownFileType = sourcecode.c.h; path = "UIView+Layout.h"; sourceTree = "<group>"; };
		8D0CDF5020CABE7F004949E8 /* TZImagePickerController.m */ = {isa = PBXFileReference; fileEncoding = 4; lastKnownFileType = sourcecode.c.objc; path = TZImagePickerController.m; sourceTree = "<group>"; };
		8D0CDF5120CABE7F004949E8 /* TZLocationManager.m */ = {isa = PBXFileReference; fileEncoding = 4; lastKnownFileType = sourcecode.c.objc; path = TZLocationManager.m; sourceTree = "<group>"; };
		8D0CDF5220CABE7F004949E8 /* TZGifPhotoPreviewController.m */ = {isa = PBXFileReference; fileEncoding = 4; lastKnownFileType = sourcecode.c.objc; path = TZGifPhotoPreviewController.m; sourceTree = "<group>"; };
		8D0CDF5320CABE7F004949E8 /* TZProgressView.h */ = {isa = PBXFileReference; fileEncoding = 4; lastKnownFileType = sourcecode.c.h; path = TZProgressView.h; sourceTree = "<group>"; };
		8D35D05B20C694E100B904CA /* TCPTest.app */ = {isa = PBXFileReference; explicitFileType = wrapper.application; includeInIndex = 0; path = TCPTest.app; sourceTree = BUILT_PRODUCTS_DIR; };
		8D35D05E20C694E100B904CA /* AppDelegate.swift */ = {isa = PBXFileReference; lastKnownFileType = sourcecode.swift; path = AppDelegate.swift; sourceTree = "<group>"; };
		8D35D06020C694E100B904CA /* ViewController.swift */ = {isa = PBXFileReference; lastKnownFileType = sourcecode.swift; path = ViewController.swift; sourceTree = "<group>"; };
		8D35D06320C694E100B904CA /* Base */ = {isa = PBXFileReference; lastKnownFileType = file.storyboard; name = Base; path = Base.lproj/Main.storyboard; sourceTree = "<group>"; };
		8D35D06520C694E200B904CA /* Assets.xcassets */ = {isa = PBXFileReference; lastKnownFileType = folder.assetcatalog; path = Assets.xcassets; sourceTree = "<group>"; };
		8D35D06820C694E300B904CA /* Base */ = {isa = PBXFileReference; lastKnownFileType = file.storyboard; name = Base; path = Base.lproj/LaunchScreen.storyboard; sourceTree = "<group>"; };
		8D35D06A20C694E300B904CA /* Info.plist */ = {isa = PBXFileReference; lastKnownFileType = text.plist.xml; path = Info.plist; sourceTree = "<group>"; };
		8D35D07020C6A25300B904CA /* TCPTest-Bridging-Header.h */ = {isa = PBXFileReference; lastKnownFileType = sourcecode.c.h; path = "TCPTest-Bridging-Header.h"; sourceTree = "<group>"; };
		8D35D07920C6A69F00B904CA /* GCDAsyncUdpSocket.m */ = {isa = PBXFileReference; fileEncoding = 4; lastKnownFileType = sourcecode.c.objc; path = GCDAsyncUdpSocket.m; sourceTree = "<group>"; };
		8D35D07A20C6A69F00B904CA /* GCDAsyncSocket.m */ = {isa = PBXFileReference; fileEncoding = 4; lastKnownFileType = sourcecode.c.objc; path = GCDAsyncSocket.m; sourceTree = "<group>"; };
		8D35D07B20C6A69F00B904CA /* GCDAsyncUdpSocket.h */ = {isa = PBXFileReference; fileEncoding = 4; lastKnownFileType = sourcecode.c.h; path = GCDAsyncUdpSocket.h; sourceTree = "<group>"; };
		8D35D07C20C6A69F00B904CA /* GCDAsyncSocket.h */ = {isa = PBXFileReference; fileEncoding = 4; lastKnownFileType = sourcecode.c.h; path = GCDAsyncSocket.h; sourceTree = "<group>"; };
		8D35D07E20C6A69F00B904CA /* Info.plist */ = {isa = PBXFileReference; fileEncoding = 4; lastKnownFileType = text.plist.xml; path = Info.plist; sourceTree = "<group>"; };
		8D35D08120C6A69F00B904CA /* DDTTYLogger.m */ = {isa = PBXFileReference; fileEncoding = 4; lastKnownFileType = sourcecode.c.objc; path = DDTTYLogger.m; sourceTree = "<group>"; };
		8D35D08220C6A69F00B904CA /* DDLog.h */ = {isa = PBXFileReference; fileEncoding = 4; lastKnownFileType = sourcecode.c.h; path = DDLog.h; sourceTree = "<group>"; };
		8D35D08320C6A69F00B904CA /* DDAbstractDatabaseLogger.h */ = {isa = PBXFileReference; fileEncoding = 4; lastKnownFileType = sourcecode.c.h; path = DDAbstractDatabaseLogger.h; sourceTree = "<group>"; };
		8D35D08420C6A69F00B904CA /* DDASLLogger.m */ = {isa = PBXFileReference; fileEncoding = 4; lastKnownFileType = sourcecode.c.objc; path = DDASLLogger.m; sourceTree = "<group>"; };
		8D35D08520C6A69F00B904CA /* DDFileLogger.h */ = {isa = PBXFileReference; fileEncoding = 4; lastKnownFileType = sourcecode.c.h; path = DDFileLogger.h; sourceTree = "<group>"; };
		8D35D08720C6A69F00B904CA /* DDContextFilterLogFormatter.m */ = {isa = PBXFileReference; fileEncoding = 4; lastKnownFileType = sourcecode.c.objc; path = DDContextFilterLogFormatter.m; sourceTree = "<group>"; };
		8D35D08820C6A69F00B904CA /* DDDispatchQueueLogFormatter.m */ = {isa = PBXFileReference; fileEncoding = 4; lastKnownFileType = sourcecode.c.objc; path = DDDispatchQueueLogFormatter.m; sourceTree = "<group>"; };
		8D35D08920C6A69F00B904CA /* DDMultiFormatter.h */ = {isa = PBXFileReference; fileEncoding = 4; lastKnownFileType = sourcecode.c.h; path = DDMultiFormatter.h; sourceTree = "<group>"; };
		8D35D08A20C6A69F00B904CA /* DDContextFilterLogFormatter.h */ = {isa = PBXFileReference; fileEncoding = 4; lastKnownFileType = sourcecode.c.h; path = DDContextFilterLogFormatter.h; sourceTree = "<group>"; };
		8D35D08B20C6A69F00B904CA /* DDMultiFormatter.m */ = {isa = PBXFileReference; fileEncoding = 4; lastKnownFileType = sourcecode.c.objc; path = DDMultiFormatter.m; sourceTree = "<group>"; };
		8D35D08C20C6A69F00B904CA /* DDDispatchQueueLogFormatter.h */ = {isa = PBXFileReference; fileEncoding = 4; lastKnownFileType = sourcecode.c.h; path = DDDispatchQueueLogFormatter.h; sourceTree = "<group>"; };
		8D35D08D20C6A69F00B904CA /* README.txt */ = {isa = PBXFileReference; fileEncoding = 4; lastKnownFileType = text; path = README.txt; sourceTree = "<group>"; };
		8D35D08E20C6A69F00B904CA /* DDLog.m */ = {isa = PBXFileReference; fileEncoding = 4; lastKnownFileType = sourcecode.c.objc; path = DDLog.m; sourceTree = "<group>"; };
		8D35D08F20C6A69F00B904CA /* DDTTYLogger.h */ = {isa = PBXFileReference; fileEncoding = 4; lastKnownFileType = sourcecode.c.h; path = DDTTYLogger.h; sourceTree = "<group>"; };
		8D35D09020C6A69F00B904CA /* DDLog+LOGV.h */ = {isa = PBXFileReference; fileEncoding = 4; lastKnownFileType = sourcecode.c.h; path = "DDLog+LOGV.h"; sourceTree = "<group>"; };
		8D35D09120C6A69F00B904CA /* DDAbstractDatabaseLogger.m */ = {isa = PBXFileReference; fileEncoding = 4; lastKnownFileType = sourcecode.c.objc; path = DDAbstractDatabaseLogger.m; sourceTree = "<group>"; };
		8D35D09220C6A69F00B904CA /* DDFileLogger.m */ = {isa = PBXFileReference; fileEncoding = 4; lastKnownFileType = sourcecode.c.objc; path = DDFileLogger.m; sourceTree = "<group>"; };
		8D35D09320C6A69F00B904CA /* DDASLLogger.h */ = {isa = PBXFileReference; fileEncoding = 4; lastKnownFileType = sourcecode.c.h; path = DDASLLogger.h; sourceTree = "<group>"; };
		8D35D0A120C7B51D00B904CA /* img2.jpg */ = {isa = PBXFileReference; lastKnownFileType = image.jpeg; path = img2.jpg; sourceTree = "<group>"; };
		8D35D0A220C7B51D00B904CA /* img3.jpg */ = {isa = PBXFileReference; lastKnownFileType = image.jpeg; path = img3.jpg; sourceTree = "<group>"; };
		8D35D0A320C7B51D00B904CA /* img1.jpg */ = {isa = PBXFileReference; lastKnownFileType = image.jpeg; path = img1.jpg; sourceTree = "<group>"; };
		8D35D0A720C7CA1100B904CA /* OznerTools.swift */ = {isa = PBXFileReference; fileEncoding = 4; lastKnownFileType = sourcecode.swift; path = OznerTools.swift; sourceTree = "<group>"; };
		8DCE025820C8DEBD00C655C8 /* Camouflage-Prefix.pch */ = {isa = PBXFileReference; fileEncoding = 4; lastKnownFileType = sourcecode.c.h; path = "Camouflage-Prefix.pch"; sourceTree = "<group>"; };
		8DCE025920C8DEBD00C655C8 /* bmpfile.h */ = {isa = PBXFileReference; fileEncoding = 4; lastKnownFileType = sourcecode.c.h; path = bmpfile.h; sourceTree = "<group>"; };
		8DCE025A20C8DEBD00C655C8 /* NSData+Camouflage.h */ = {isa = PBXFileReference; fileEncoding = 4; lastKnownFileType = sourcecode.c.h; path = "NSData+Camouflage.h"; sourceTree = "<group>"; };
		8DCE025B20C8DEBD00C655C8 /* NSData+Camouflage.m */ = {isa = PBXFileReference; fileEncoding = 4; lastKnownFileType = sourcecode.c.objc; path = "NSData+Camouflage.m"; sourceTree = "<group>"; };
		8DCE025C20C8DEBD00C655C8 /* bmpfile.c */ = {isa = PBXFileReference; fileEncoding = 4; lastKnownFileType = sourcecode.c.c; path = bmpfile.c; sourceTree = "<group>"; };
		8DCE026020C8DF0600C655C8 /* AssetsLibrary.framework */ = {isa = PBXFileReference; lastKnownFileType = wrapper.framework; name = AssetsLibrary.framework; path = System/Library/Frameworks/AssetsLibrary.framework; sourceTree = SDKROOT; };
		8DCE026320C90E1A00C655C8 /* SVRadialGradientLayer.m */ = {isa = PBXFileReference; fileEncoding = 4; lastKnownFileType = sourcecode.c.objc; path = SVRadialGradientLayer.m; sourceTree = "<group>"; };
		8DCE026420C90E1A00C655C8 /* SVIndefiniteAnimatedView.h */ = {isa = PBXFileReference; fileEncoding = 4; lastKnownFileType = sourcecode.c.h; path = SVIndefiniteAnimatedView.h; sourceTree = "<group>"; };
		8DCE026520C90E1A00C655C8 /* SVProgressHUD.h */ = {isa = PBXFileReference; fileEncoding = 4; lastKnownFileType = sourcecode.c.h; path = SVProgressHUD.h; sourceTree = "<group>"; };
		8DCE026620C90E1A00C655C8 /* SVProgressAnimatedView.m */ = {isa = PBXFileReference; fileEncoding = 4; lastKnownFileType = sourcecode.c.objc; path = SVProgressAnimatedView.m; sourceTree = "<group>"; };
		8DCE026720C90E1A00C655C8 /* SVProgressHUD-Prefix.pch */ = {isa = PBXFileReference; fileEncoding = 4; lastKnownFileType = sourcecode.c.h; path = "SVProgressHUD-Prefix.pch"; sourceTree = "<group>"; };
		8DCE026820C90E1A00C655C8 /* SVRadialGradientLayer.h */ = {isa = PBXFileReference; fileEncoding = 4; lastKnownFileType = sourcecode.c.h; path = SVRadialGradientLayer.h; sourceTree = "<group>"; };
		8DCE026920C90E1A00C655C8 /* SVProgressHUD.m */ = {isa = PBXFileReference; fileEncoding = 4; lastKnownFileType = sourcecode.c.objc; path = SVProgressHUD.m; sourceTree = "<group>"; };
		8DCE026A20C90E1A00C655C8 /* SVIndefiniteAnimatedView.m */ = {isa = PBXFileReference; fileEncoding = 4; lastKnownFileType = sourcecode.c.objc; path = SVIndefiniteAnimatedView.m; sourceTree = "<group>"; };
		8DCE026B20C90E1A00C655C8 /* SVProgressHUD.bundle */ = {isa = PBXFileReference; lastKnownFileType = "wrapper.plug-in"; path = SVProgressHUD.bundle; sourceTree = "<group>"; };
		8DCE026C20C90E1A00C655C8 /* SVProgressAnimatedView.h */ = {isa = PBXFileReference; fileEncoding = 4; lastKnownFileType = sourcecode.c.h; path = SVProgressAnimatedView.h; sourceTree = "<group>"; };
		8DCE027820C931D900C655C8 /* ImageRGBRGBHelper.h */ = {isa = PBXFileReference; fileEncoding = 4; lastKnownFileType = sourcecode.c.h; path = ImageRGBRGBHelper.h; sourceTree = "<group>"; };
		8DCE027920C931D900C655C8 /* ImageRGBRGBHelper.m */ = {isa = PBXFileReference; fileEncoding = 4; lastKnownFileType = sourcecode.c.objc; path = ImageRGBRGBHelper.m; sourceTree = "<group>"; };
/* End PBXFileReference section */

/* Begin PBXFrameworksBuildPhase section */
		8D35D05820C694E100B904CA /* Frameworks */ = {
			isa = PBXFrameworksBuildPhase;
			buildActionMask = 2147483647;
			files = (
				8D0CDF1720CAA0D0004949E8 /* SystemConfiguration.framework in Frameworks */,
				8DCE026120C8DF0600C655C8 /* AssetsLibrary.framework in Frameworks */,
			);
			runOnlyForDeploymentPostprocessing = 0;
		};
/* End PBXFrameworksBuildPhase section */

/* Begin PBXGroup section */
		8D0CDF1C20CAA5C6004949E8 /* SCLAlertView */ = {
			isa = PBXGroup;
			children = (
				8D0CDF1D20CAA5C6004949E8 /* SCLSwitchView.h */,
				8D0CDF1E20CAA5C6004949E8 /* SCLTimerDisplay.m */,
				8D0CDF1F20CAA5C6004949E8 /* SCLButton.h */,
				8D0CDF2020CAA5C6004949E8 /* SCLAlertViewStyleKit.m */,
				8D0CDF2120CAA5C6004949E8 /* SCLMacros.h */,
				8D0CDF2220CAA5C6004949E8 /* UIImage+ImageEffects.h */,
				8D0CDF2320CAA5C6004949E8 /* SCLAlertView.h */,
				8D0CDF2420CAA5C6004949E8 /* SCLAlertViewResponder.m */,
				8D0CDF2520CAA5C6004949E8 /* SCLTextView.m */,
				8D0CDF2620CAA5C6004949E8 /* SCLSwitchView.m */,
				8D0CDF2720CAA5C6004949E8 /* SCLAlertViewStyleKit.h */,
				8D0CDF2820CAA5C6004949E8 /* SCLButton.m */,
				8D0CDF2920CAA5C6004949E8 /* SCLTimerDisplay.h */,
				8D0CDF2A20CAA5C6004949E8 /* UIImage+ImageEffects.m */,
				8D0CDF2B20CAA5C6004949E8 /* SCLTextView.h */,
				8D0CDF2C20CAA5C6004949E8 /* SCLAlertViewResponder.h */,
				8D0CDF2D20CAA5C6004949E8 /* SCLAlertView.m */,
			);
			path = SCLAlertView;
			sourceTree = "<group>";
		};
		8D0CDF3620CABE7F004949E8 /* TZImagePickerController */ = {
			isa = PBXGroup;
			children = (
				8D0CDF3720CABE7F004949E8 /* TZPhotoPreviewCell.h */,
				8D0CDF3820CABE7F004949E8 /* TZPhotoPickerController.h */,
				8D0CDF3920CABE7F004949E8 /* TZImageCropManager.m */,
				8D0CDF3A20CABE7F004949E8 /* TZImageManager.h */,
				8D0CDF3B20CABE7F004949E8 /* TZAssetCell.m */,
				8D0CDF3C20CABE7F004949E8 /* TZVideoPlayerController.m */,
				8D0CDF3D20CABE7F004949E8 /* TZAssetModel.m */,
				8D0CDF3E20CABE7F004949E8 /* NSBundle+TZImagePicker.m */,
				8D0CDF3F20CABE7F004949E8 /* TZLocationManager.h */,
				8D0CDF4020CABE7F004949E8 /* TZImagePickerController.h */,
				8D0CDF4120CABE7F004949E8 /* UIView+Layout.m */,
				8D0CDF4220CABE7F004949E8 /* TZPhotoPreviewController.m */,
				8D0CDF4320CABE7F004949E8 /* TZImagePickerController.bundle */,
				8D0CDF4420CABE7F004949E8 /* TZProgressView.m */,
				8D0CDF4520CABE7F004949E8 /* TZGifPhotoPreviewController.h */,
				8D0CDF4620CABE7F004949E8 /* TZAssetCell.h */,
				8D0CDF4720CABE7F004949E8 /* TZImageManager.m */,
				8D0CDF4820CABE7F004949E8 /* TZImageCropManager.h */,
				8D0CDF4920CABE7F004949E8 /* TZPhotoPickerController.m */,
				8D0CDF4A20CABE7F004949E8 /* TZPhotoPreviewCell.m */,
				8D0CDF4B20CABE7F004949E8 /* NSBundle+TZImagePicker.h */,
				8D0CDF4C20CABE7F004949E8 /* TZAssetModel.h */,
				8D0CDF4D20CABE7F004949E8 /* TZVideoPlayerController.h */,
				8D0CDF4E20CABE7F004949E8 /* TZPhotoPreviewController.h */,
				8D0CDF4F20CABE7F004949E8 /* UIView+Layout.h */,
				8D0CDF5020CABE7F004949E8 /* TZImagePickerController.m */,
				8D0CDF5120CABE7F004949E8 /* TZLocationManager.m */,
				8D0CDF5220CABE7F004949E8 /* TZGifPhotoPreviewController.m */,
				8D0CDF5320CABE7F004949E8 /* TZProgressView.h */,
			);
			path = TZImagePickerController;
			sourceTree = "<group>";
		};
		8D35D05220C694E000B904CA = {
			isa = PBXGroup;
			children = (
				8D0CDF3620CABE7F004949E8 /* TZImagePickerController */,
				8D0CDF1C20CAA5C6004949E8 /* SCLAlertView */,
				8DCE027820C931D900C655C8 /* ImageRGBRGBHelper.h */,
				8DCE027920C931D900C655C8 /* ImageRGBRGBHelper.m */,
				8DCE026220C90E1A00C655C8 /* SVProgressHUD */,
				8DCE025720C8DEBD00C655C8 /* Camouflage */,
				8D35D07620C6A69F00B904CA /* Source */,
				8D35D05D20C694E100B904CA /* TCPTest */,
				8D35D05C20C694E100B904CA /* Products */,
				8DCE025F20C8DF0600C655C8 /* Frameworks */,
			);
			sourceTree = "<group>";
		};
		8D35D05C20C694E100B904CA /* Products */ = {
			isa = PBXGroup;
			children = (
				8D35D05B20C694E100B904CA /* TCPTest.app */,
			);
			name = Products;
			sourceTree = "<group>";
		};
		8D35D05D20C694E100B904CA /* TCPTest */ = {
			isa = PBXGroup;
			children = (
				8D35D0A720C7CA1100B904CA /* OznerTools.swift */,
				8D35D05E20C694E100B904CA /* AppDelegate.swift */,
				8D35D06020C694E100B904CA /* ViewController.swift */,
				8D35D06220C694E100B904CA /* Main.storyboard */,
				8D35D0A320C7B51D00B904CA /* img1.jpg */,
				8D35D0A120C7B51D00B904CA /* img2.jpg */,
				8D35D0A220C7B51D00B904CA /* img3.jpg */,
				8D35D06520C694E200B904CA /* Assets.xcassets */,
				8D35D06720C694E300B904CA /* LaunchScreen.storyboard */,
				8D35D06A20C694E300B904CA /* Info.plist */,
				8D35D07020C6A25300B904CA /* TCPTest-Bridging-Header.h */,
			);
			path = TCPTest;
			sourceTree = "<group>";
		};
		8D35D07620C6A69F00B904CA /* Source */ = {
			isa = PBXGroup;
			children = (
				8D35D07720C6A69F00B904CA /* GCD */,
				8D35D07E20C6A69F00B904CA /* Info.plist */,
				8D35D07F20C6A69F00B904CA /* Vendor */,
			);
			path = Source;
			sourceTree = "<group>";
		};
		8D35D07720C6A69F00B904CA /* GCD */ = {
			isa = PBXGroup;
			children = (
				8D35D07920C6A69F00B904CA /* GCDAsyncUdpSocket.m */,
				8D35D07A20C6A69F00B904CA /* GCDAsyncSocket.m */,
				8D35D07B20C6A69F00B904CA /* GCDAsyncUdpSocket.h */,
				8D35D07C20C6A69F00B904CA /* GCDAsyncSocket.h */,
			);
			path = GCD;
			sourceTree = "<group>";
		};
		8D35D07F20C6A69F00B904CA /* Vendor */ = {
			isa = PBXGroup;
			children = (
				8D35D08020C6A69F00B904CA /* CocoaLumberjack */,
			);
			path = Vendor;
			sourceTree = "<group>";
		};
		8D35D08020C6A69F00B904CA /* CocoaLumberjack */ = {
			isa = PBXGroup;
			children = (
				8D35D08120C6A69F00B904CA /* DDTTYLogger.m */,
				8D35D08220C6A69F00B904CA /* DDLog.h */,
				8D35D08320C6A69F00B904CA /* DDAbstractDatabaseLogger.h */,
				8D35D08420C6A69F00B904CA /* DDASLLogger.m */,
				8D35D08520C6A69F00B904CA /* DDFileLogger.h */,
				8D35D08620C6A69F00B904CA /* Extensions */,
				8D35D08E20C6A69F00B904CA /* DDLog.m */,
				8D35D08F20C6A69F00B904CA /* DDTTYLogger.h */,
				8D35D09020C6A69F00B904CA /* DDLog+LOGV.h */,
				8D35D09120C6A69F00B904CA /* DDAbstractDatabaseLogger.m */,
				8D35D09220C6A69F00B904CA /* DDFileLogger.m */,
				8D35D09320C6A69F00B904CA /* DDASLLogger.h */,
			);
			path = CocoaLumberjack;
			sourceTree = "<group>";
		};
		8D35D08620C6A69F00B904CA /* Extensions */ = {
			isa = PBXGroup;
			children = (
				8D35D08720C6A69F00B904CA /* DDContextFilterLogFormatter.m */,
				8D35D08820C6A69F00B904CA /* DDDispatchQueueLogFormatter.m */,
				8D35D08920C6A69F00B904CA /* DDMultiFormatter.h */,
				8D35D08A20C6A69F00B904CA /* DDContextFilterLogFormatter.h */,
				8D35D08B20C6A69F00B904CA /* DDMultiFormatter.m */,
				8D35D08C20C6A69F00B904CA /* DDDispatchQueueLogFormatter.h */,
				8D35D08D20C6A69F00B904CA /* README.txt */,
			);
			path = Extensions;
			sourceTree = "<group>";
		};
		8DCE025720C8DEBD00C655C8 /* Camouflage */ = {
			isa = PBXGroup;
			children = (
				8DCE025820C8DEBD00C655C8 /* Camouflage-Prefix.pch */,
				8DCE025920C8DEBD00C655C8 /* bmpfile.h */,
				8DCE025A20C8DEBD00C655C8 /* NSData+Camouflage.h */,
				8DCE025B20C8DEBD00C655C8 /* NSData+Camouflage.m */,
				8DCE025C20C8DEBD00C655C8 /* bmpfile.c */,
			);
			path = Camouflage;
			sourceTree = "<group>";
		};
		8DCE025F20C8DF0600C655C8 /* Frameworks */ = {
			isa = PBXGroup;
			children = (
				8D0CDF1620CAA0D0004949E8 /* SystemConfiguration.framework */,
				8DCE026020C8DF0600C655C8 /* AssetsLibrary.framework */,
			);
			name = Frameworks;
			sourceTree = "<group>";
		};
		8DCE026220C90E1A00C655C8 /* SVProgressHUD */ = {
			isa = PBXGroup;
			children = (
				8DCE026320C90E1A00C655C8 /* SVRadialGradientLayer.m */,
				8DCE026420C90E1A00C655C8 /* SVIndefiniteAnimatedView.h */,
				8DCE026520C90E1A00C655C8 /* SVProgressHUD.h */,
				8DCE026620C90E1A00C655C8 /* SVProgressAnimatedView.m */,
				8DCE026720C90E1A00C655C8 /* SVProgressHUD-Prefix.pch */,
				8DCE026820C90E1A00C655C8 /* SVRadialGradientLayer.h */,
				8DCE026920C90E1A00C655C8 /* SVProgressHUD.m */,
				8DCE026A20C90E1A00C655C8 /* SVIndefiniteAnimatedView.m */,
				8DCE026B20C90E1A00C655C8 /* SVProgressHUD.bundle */,
				8DCE026C20C90E1A00C655C8 /* SVProgressAnimatedView.h */,
			);
			path = SVProgressHUD;
			sourceTree = "<group>";
		};
/* End PBXGroup section */

/* Begin PBXNativeTarget section */
		8D35D05A20C694E100B904CA /* TCPTest */ = {
			isa = PBXNativeTarget;
			buildConfigurationList = 8D35D06D20C694E300B904CA /* Build configuration list for PBXNativeTarget "TCPTest" */;
			buildPhases = (
				8D35D05720C694E100B904CA /* Sources */,
				8D35D05820C694E100B904CA /* Frameworks */,
				8D35D05920C694E100B904CA /* Resources */,
			);
			buildRules = (
			);
			dependencies = (
			);
			name = TCPTest;
			productName = TCPTest;
			productReference = 8D35D05B20C694E100B904CA /* TCPTest.app */;
			productType = "com.apple.product-type.application";
		};
/* End PBXNativeTarget section */

/* Begin PBXProject section */
		8D35D05320C694E000B904CA /* Project object */ = {
			isa = PBXProject;
			attributes = {
				LastSwiftUpdateCheck = 0940;
				LastUpgradeCheck = 0940;
				ORGANIZATIONNAME = zhaobing;
				TargetAttributes = {
					8D35D05A20C694E100B904CA = {
						CreatedOnToolsVersion = 9.4;
						LastSwiftMigration = 0940;
					};
				};
			};
			buildConfigurationList = 8D35D05620C694E000B904CA /* Build configuration list for PBXProject "TCPTest" */;
			compatibilityVersion = "Xcode 9.3";
			developmentRegion = en;
			hasScannedForEncodings = 0;
			knownRegions = (
				en,
				Base,
			);
			mainGroup = 8D35D05220C694E000B904CA;
			productRefGroup = 8D35D05C20C694E100B904CA /* Products */;
			projectDirPath = "";
			projectRoot = "";
			targets = (
				8D35D05A20C694E100B904CA /* TCPTest */,
			);
		};
/* End PBXProject section */

/* Begin PBXResourcesBuildPhase section */
		8D35D05920C694E100B904CA /* Resources */ = {
			isa = PBXResourcesBuildPhase;
			buildActionMask = 2147483647;
			files = (
				8D35D06920C694E300B904CA /* LaunchScreen.storyboard in Resources */,
				8DCE027120C90E1A00C655C8 /* SVProgressHUD.bundle in Resources */,
				8D35D06620C694E300B904CA /* Assets.xcassets in Resources */,
				8D35D06420C694E100B904CA /* Main.storyboard in Resources */,
				8D35D0A520C7B51D00B904CA /* img3.jpg in Resources */,
				8D35D09720C6A69F00B904CA /* Info.plist in Resources */,
				8D35D0A620C7B51D00B904CA /* img1.jpg in Resources */,
				8D0CDF5B20CABE80004949E8 /* TZImagePickerController.bundle in Resources */,
				8D35D0A420C7B51D00B904CA /* img2.jpg in Resources */,
				8D35D09D20C6A69F00B904CA /* README.txt in Resources */,
			);
			runOnlyForDeploymentPostprocessing = 0;
		};
/* End PBXResourcesBuildPhase section */

/* Begin PBXSourcesBuildPhase section */
		8D35D05720C694E100B904CA /* Sources */ = {
			isa = PBXSourcesBuildPhase;
			buildActionMask = 2147483647;
			files = (
				8D35D09E20C6A69F00B904CA /* DDLog.m in Sources */,
				8D35D0A820C7CA1200B904CA /* OznerTools.swift in Sources */,
				8D0CDF3120CAA5C6004949E8 /* SCLTextView.m in Sources */,
				8D0CDF5820CABE80004949E8 /* NSBundle+TZImagePicker.m in Sources */,
				8DCE027020C90E1A00C655C8 /* SVIndefiniteAnimatedView.m in Sources */,
				8DCE025D20C8DEBD00C655C8 /* NSData+Camouflage.m in Sources */,
				8D0CDF3420CAA5C6004949E8 /* UIImage+ImageEffects.m in Sources */,
				8DCE026D20C90E1A00C655C8 /* SVRadialGradientLayer.m in Sources */,
				8D0CDF5A20CABE80004949E8 /* TZPhotoPreviewController.m in Sources */,
				8D0CDF5920CABE80004949E8 /* UIView+Layout.m in Sources */,
				8D35D0A020C6A69F00B904CA /* DDFileLogger.m in Sources */,
				8D0CDF6120CABE80004949E8 /* TZLocationManager.m in Sources */,
				8D0CDF5720CABE80004949E8 /* TZAssetModel.m in Sources */,
				8D0CDF5F20CABE80004949E8 /* TZPhotoPreviewCell.m in Sources */,
				8DCE026F20C90E1A00C655C8 /* SVProgressHUD.m in Sources */,
				8D35D09620C6A69F00B904CA /* GCDAsyncSocket.m in Sources */,
				8D35D09820C6A69F00B904CA /* DDTTYLogger.m in Sources */,
				8D35D09F20C6A69F00B904CA /* DDAbstractDatabaseLogger.m in Sources */,
				8D35D09A20C6A69F00B904CA /* DDContextFilterLogFormatter.m in Sources */,
				8DCE026E20C90E1A00C655C8 /* SVProgressAnimatedView.m in Sources */,
				8D0CDF5E20CABE80004949E8 /* TZPhotoPickerController.m in Sources */,
				8D0CDF3220CAA5C6004949E8 /* SCLSwitchView.m in Sources */,
				8D0CDF3320CAA5C6004949E8 /* SCLButton.m in Sources */,
				8DCE025E20C8DEBD00C655C8 /* bmpfile.c in Sources */,
				8D0CDF2E20CAA5C6004949E8 /* SCLTimerDisplay.m in Sources */,
				8D0CDF5620CABE80004949E8 /* TZVideoPlayerController.m in Sources */,
				8D0CDF6220CABE80004949E8 /* TZGifPhotoPreviewController.m in Sources */,
				8D0CDF3020CAA5C6004949E8 /* SCLAlertViewResponder.m in Sources */,
				8D35D09B20C6A69F00B904CA /* DDDispatchQueueLogFormatter.m in Sources */,
				8D0CDF2F20CAA5C6004949E8 /* SCLAlertViewStyleKit.m in Sources */,
				8D0CDF5D20CABE80004949E8 /* TZImageManager.m in Sources */,
				8D35D09920C6A69F00B904CA /* DDASLLogger.m in Sources */,
				8DCE027A20C931DA00C655C8 /* ImageRGBRGBHelper.m in Sources */,
				8D35D06120C694E100B904CA /* ViewController.swift in Sources */,
				8D0CDF5C20CABE80004949E8 /* TZProgressView.m in Sources */,
				8D0CDF5420CABE80004949E8 /* TZImageCropManager.m in Sources */,
				8D35D09C20C6A69F00B904CA /* DDMultiFormatter.m in Sources */,
				8D0CDF5520CABE80004949E8 /* TZAssetCell.m in Sources */,
				8D35D09520C6A69F00B904CA /* GCDAsyncUdpSocket.m in Sources */,
				8D0CDF3520CAA5C6004949E8 /* SCLAlertView.m in Sources */,
				8D35D05F20C694E100B904CA /* AppDelegate.swift in Sources */,
				8D0CDF6020CABE80004949E8 /* TZImagePickerController.m in Sources */,
			);
			runOnlyForDeploymentPostprocessing = 0;
		};
/* End PBXSourcesBuildPhase section */

/* Begin PBXVariantGroup section */
		8D35D06220C694E100B904CA /* Main.storyboard */ = {
			isa = PBXVariantGroup;
			children = (
				8D35D06320C694E100B904CA /* Base */,
			);
			name = Main.storyboard;
			sourceTree = "<group>";
		};
		8D35D06720C694E300B904CA /* LaunchScreen.storyboard */ = {
			isa = PBXVariantGroup;
			children = (
				8D35D06820C694E300B904CA /* Base */,
			);
			name = LaunchScreen.storyboard;
			sourceTree = "<group>";
		};
/* End PBXVariantGroup section */

/* Begin XCBuildConfiguration section */
		8D35D06B20C694E300B904CA /* Debug */ = {
			isa = XCBuildConfiguration;
			buildSettings = {
				ALWAYS_SEARCH_USER_PATHS = NO;
				CLANG_ANALYZER_NONNULL = YES;
				CLANG_ANALYZER_NUMBER_OBJECT_CONVERSION = YES_AGGRESSIVE;
				CLANG_CXX_LANGUAGE_STANDARD = "gnu++14";
				CLANG_CXX_LIBRARY = "libc++";
				CLANG_ENABLE_MODULES = YES;
				CLANG_ENABLE_OBJC_ARC = YES;
				CLANG_ENABLE_OBJC_WEAK = YES;
				CLANG_WARN_BLOCK_CAPTURE_AUTORELEASING = YES;
				CLANG_WARN_BOOL_CONVERSION = YES;
				CLANG_WARN_COMMA = YES;
				CLANG_WARN_CONSTANT_CONVERSION = YES;
				CLANG_WARN_DEPRECATED_OBJC_IMPLEMENTATIONS = YES;
				CLANG_WARN_DIRECT_OBJC_ISA_USAGE = YES_ERROR;
				CLANG_WARN_DOCUMENTATION_COMMENTS = YES;
				CLANG_WARN_EMPTY_BODY = YES;
				CLANG_WARN_ENUM_CONVERSION = YES;
				CLANG_WARN_INFINITE_RECURSION = YES;
				CLANG_WARN_INT_CONVERSION = YES;
				CLANG_WARN_NON_LITERAL_NULL_CONVERSION = YES;
				CLANG_WARN_OBJC_IMPLICIT_RETAIN_SELF = YES;
				CLANG_WARN_OBJC_LITERAL_CONVERSION = YES;
				CLANG_WARN_OBJC_ROOT_CLASS = YES_ERROR;
				CLANG_WARN_RANGE_LOOP_ANALYSIS = YES;
				CLANG_WARN_STRICT_PROTOTYPES = YES;
				CLANG_WARN_SUSPICIOUS_MOVE = YES;
				CLANG_WARN_UNGUARDED_AVAILABILITY = YES_AGGRESSIVE;
				CLANG_WARN_UNREACHABLE_CODE = YES;
				CLANG_WARN__DUPLICATE_METHOD_MATCH = YES;
				CODE_SIGN_IDENTITY = "iPhone Developer";
				COPY_PHASE_STRIP = NO;
				DEBUG_INFORMATION_FORMAT = dwarf;
				ENABLE_STRICT_OBJC_MSGSEND = YES;
				ENABLE_TESTABILITY = YES;
				GCC_C_LANGUAGE_STANDARD = gnu11;
				GCC_DYNAMIC_NO_PIC = NO;
				GCC_NO_COMMON_BLOCKS = YES;
				GCC_OPTIMIZATION_LEVEL = 0;
				GCC_PREPROCESSOR_DEFINITIONS = (
					"DEBUG=1",
					"$(inherited)",
				);
				GCC_WARN_64_TO_32_BIT_CONVERSION = YES;
				GCC_WARN_ABOUT_RETURN_TYPE = YES_ERROR;
				GCC_WARN_UNDECLARED_SELECTOR = YES;
				GCC_WARN_UNINITIALIZED_AUTOS = YES_AGGRESSIVE;
				GCC_WARN_UNUSED_FUNCTION = YES;
				GCC_WARN_UNUSED_VARIABLE = YES;
				IPHONEOS_DEPLOYMENT_TARGET = 9.0;
				MTL_ENABLE_DEBUG_INFO = YES;
				ONLY_ACTIVE_ARCH = YES;
				SDKROOT = iphoneos;
				SWIFT_ACTIVE_COMPILATION_CONDITIONS = DEBUG;
				SWIFT_OPTIMIZATION_LEVEL = "-Onone";
			};
			name = Debug;
		};
		8D35D06C20C694E300B904CA /* Release */ = {
			isa = XCBuildConfiguration;
			buildSettings = {
				ALWAYS_SEARCH_USER_PATHS = NO;
				CLANG_ANALYZER_NONNULL = YES;
				CLANG_ANALYZER_NUMBER_OBJECT_CONVERSION = YES_AGGRESSIVE;
				CLANG_CXX_LANGUAGE_STANDARD = "gnu++14";
				CLANG_CXX_LIBRARY = "libc++";
				CLANG_ENABLE_MODULES = YES;
				CLANG_ENABLE_OBJC_ARC = YES;
				CLANG_ENABLE_OBJC_WEAK = YES;
				CLANG_WARN_BLOCK_CAPTURE_AUTORELEASING = YES;
				CLANG_WARN_BOOL_CONVERSION = YES;
				CLANG_WARN_COMMA = YES;
				CLANG_WARN_CONSTANT_CONVERSION = YES;
				CLANG_WARN_DEPRECATED_OBJC_IMPLEMENTATIONS = YES;
				CLANG_WARN_DIRECT_OBJC_ISA_USAGE = YES_ERROR;
				CLANG_WARN_DOCUMENTATION_COMMENTS = YES;
				CLANG_WARN_EMPTY_BODY = YES;
				CLANG_WARN_ENUM_CONVERSION = YES;
				CLANG_WARN_INFINITE_RECURSION = YES;
				CLANG_WARN_INT_CONVERSION = YES;
				CLANG_WARN_NON_LITERAL_NULL_CONVERSION = YES;
				CLANG_WARN_OBJC_IMPLICIT_RETAIN_SELF = YES;
				CLANG_WARN_OBJC_LITERAL_CONVERSION = YES;
				CLANG_WARN_OBJC_ROOT_CLASS = YES_ERROR;
				CLANG_WARN_RANGE_LOOP_ANALYSIS = YES;
				CLANG_WARN_STRICT_PROTOTYPES = YES;
				CLANG_WARN_SUSPICIOUS_MOVE = YES;
				CLANG_WARN_UNGUARDED_AVAILABILITY = YES_AGGRESSIVE;
				CLANG_WARN_UNREACHABLE_CODE = YES;
				CLANG_WARN__DUPLICATE_METHOD_MATCH = YES;
				CODE_SIGN_IDENTITY = "iPhone Developer";
				COPY_PHASE_STRIP = NO;
				DEBUG_INFORMATION_FORMAT = "dwarf-with-dsym";
				ENABLE_NS_ASSERTIONS = NO;
				ENABLE_STRICT_OBJC_MSGSEND = YES;
				GCC_C_LANGUAGE_STANDARD = gnu11;
				GCC_NO_COMMON_BLOCKS = YES;
				GCC_WARN_64_TO_32_BIT_CONVERSION = YES;
				GCC_WARN_ABOUT_RETURN_TYPE = YES_ERROR;
				GCC_WARN_UNDECLARED_SELECTOR = YES;
				GCC_WARN_UNINITIALIZED_AUTOS = YES_AGGRESSIVE;
				GCC_WARN_UNUSED_FUNCTION = YES;
				GCC_WARN_UNUSED_VARIABLE = YES;
				IPHONEOS_DEPLOYMENT_TARGET = 9.0;
				MTL_ENABLE_DEBUG_INFO = NO;
				SDKROOT = iphoneos;
				SWIFT_COMPILATION_MODE = wholemodule;
				SWIFT_OPTIMIZATION_LEVEL = "-O";
				VALIDATE_PRODUCT = YES;
			};
			name = Release;
		};
		8D35D06E20C694E300B904CA /* Debug */ = {
			isa = XCBuildConfiguration;
			buildSettings = {
				ASSETCATALOG_COMPILER_APPICON_NAME = AppIcon;
				CLANG_ENABLE_MODULES = YES;
				CODE_SIGN_STYLE = Automatic;
				DEVELOPMENT_TEAM = R77Y7S25Y8;
				INFOPLIST_FILE = TCPTest/Info.plist;
				IPHONEOS_DEPLOYMENT_TARGET = 9.0;
				LD_RUNPATH_SEARCH_PATHS = (
					"$(inherited)",
					"@executable_path/Frameworks",
				);
				PRODUCT_BUNDLE_IDENTIFIER = com.lexin.TCPTest;
				PRODUCT_NAME = "$(TARGET_NAME)";
				SWIFT_OBJC_BRIDGING_HEADER = "TCPTest/TCPTest-Bridging-Header.h";
				SWIFT_OPTIMIZATION_LEVEL = "-Onone";
				SWIFT_VERSION = 4.0;
				TARGETED_DEVICE_FAMILY = "1,2";
			};
			name = Debug;
		};
		8D35D06F20C694E300B904CA /* Release */ = {
			isa = XCBuildConfiguration;
			buildSettings = {
				ASSETCATALOG_COMPILER_APPICON_NAME = AppIcon;
				CLANG_ENABLE_MODULES = YES;
				CODE_SIGN_STYLE = Automatic;
				DEVELOPMENT_TEAM = R77Y7S25Y8;
				INFOPLIST_FILE = TCPTest/Info.plist;
				IPHONEOS_DEPLOYMENT_TARGET = 9.0;
				LD_RUNPATH_SEARCH_PATHS = (
					"$(inherited)",
					"@executable_path/Frameworks",
				);
				PRODUCT_BUNDLE_IDENTIFIER = com.lexin.TCPTest;
				PRODUCT_NAME = "$(TARGET_NAME)";
				SWIFT_OBJC_BRIDGING_HEADER = "TCPTest/TCPTest-Bridging-Header.h";
				SWIFT_VERSION = 4.0;
				TARGETED_DEVICE_FAMILY = "1,2";
			};
			name = Release;
		};
/* End XCBuildConfiguration section */

/* Begin XCConfigurationList section */
		8D35D05620C694E000B904CA /* Build configuration list for PBXProject "TCPTest" */ = {
			isa = XCConfigurationList;
			buildConfigurations = (
				8D35D06B20C694E300B904CA /* Debug */,
				8D35D06C20C694E300B904CA /* Release */,
			);
			defaultConfigurationIsVisible = 0;
			defaultConfigurationName = Release;
		};
		8D35D06D20C694E300B904CA /* Build configuration list for PBXNativeTarget "TCPTest" */ = {
			isa = XCConfigurationList;
			buildConfigurations = (
				8D35D06E20C694E300B904CA /* Debug */,
				8D35D06F20C694E300B904CA /* Release */,
			);
			defaultConfigurationIsVisible = 0;
			defaultConfigurationName = Release;
		};
/* End XCConfigurationList section */
	};
	rootObject = 8D35D05320C694E000B904CA /* Project object */;
}
